
Microsoft Visual Studio Solution File, Format Version 12.00
# Visual Studio 15
VisualStudioVersion = 15.0.26228.9
MinimumVisualStudioVersion = 10.0.40219.1
Project("{FAE04EC0-301F-11D3-BF4B-00C04F79EFBC}") = "APDS9960AmbientLightSampleApp", "APDS9960AmbientLightSampleApp\APDS9960AmbientLightSampleApp.csproj", "{FABB2EBB-0D87-48BD-8212-14246BD55D10}"
EndProject
Global
	GlobalSection(SolutionConfigurationPlatforms) = preSolution
		Debug|ARM = Debug|ARM
		Debug|x64 = Debug|x64
		Debug|x86 = Debug|x86
		Release|ARM = Release|ARM
		Release|x64 = Release|x64
		Release|x86 = Release|x86
	EndGlobalSection
	GlobalSection(ProjectConfigurationPlatforms) = postSolution
		{FABB2EBB-0D87-48BD-8212-14246BD55D10}.Debug|ARM.ActiveCfg = Debug|ARM
		{FABB2EBB-0D87-48BD-8212-14246BD55D10}.Debug|ARM.Build.0 = Debug|ARM
		{FABB2EBB-0D87-48BD-8212-14246BD55D10}.Debug|ARM.Deploy.0 = Debug|ARM
		{FABB2EBB-0D87-48BD-8212-14246BD55D10}.Debug|x64.ActiveCfg = Debug|x64
		{FABB2EBB-0D87-48BD-8212-14246BD55D10}.Debug|x64.Build.0 = Debug|x64
		{FABB2EBB-0D87-48BD-8212-14246BD55D10}.Debug|x64.Deploy.0 = Debug|x64
		{FABB2EBB-0D87-48BD-8212-14246BD55D10}.Debug|x86.ActiveCfg = Debug|x86
		{FABB2EBB-0D87-48BD-8212-14246BD55D10}.Debug|x86.Build.0 = Debug|x86
		{FABB2EBB-0D87-48BD-8212-14246BD55D10}.Debug|x86.Deploy.0 = Debug|x86
		{FABB2EBB-0D87-48BD-8212-14246BD55D10}.Release|ARM.ActiveCfg = Release|ARM
		{FABB2EBB-0D87-48BD-8212-14246BD55D10}.Release|ARM.Build.0 = Release|ARM
		{FABB2EBB-0D87-48BD-8212-14246BD55D10}.Release|ARM.Deploy.0 = Release|ARM
		{FABB2EBB-0D87-48BD-8212-14246BD55D10}.Release|x64.ActiveCfg = Release|x64
		{FABB2EBB-0D87-48BD-8212-14246BD55D10}.Release|x64.Build.0 = Release|x64
		{FABB2EBB-0D87-48BD-8212-14246BD55D10}.Release|x64.Deploy.0 = Release|x64
		{FABB2EBB-0D87-48BD-8212-14246BD55D10}.Release|x86.ActiveCfg = Release|x86
		{FABB2EBB-0D87-48BD-8212-14246BD55D10}.Release|x86.Build.0 = Release|x86
		{FABB2EBB-0D87-48BD-8212-14246BD55D10}.Release|x86.Deploy.0 = Release|x86
	EndGlobalSection
	GlobalSection(SolutionProperties) = preSolution
		HideSolutionNode = FALSE
	EndGlobalSection
EndGlobal
